
Microsoft Visual Studio Solution File, Format Version 12.00
# Visual Studio 14
VisualStudioVersion = 14.0.25420.1
MinimumVisualStudioVersion = 10.0.40219.1
Project("{9092AA53-FB77-4645-B42D-1CCCA6BD08BD}") = "server", "server\server.njsproj", "{366A4580-BF60-41D0-8C56-8C665B860C0A}"
EndProject
Project("{9092AA53-FB77-4645-B42D-1CCCA6BD08BD}") = "common", "common\common.njsproj", "{CC5AB960-2D28-4C45-9173-0783084CC686}"
EndProject
Global
	GlobalSection(SolutionConfigurationPlatforms) = preSolution
		Debug|Any CPU = Debug|Any CPU
		Release|Any CPU = Release|Any CPU
	EndGlobalSection
	GlobalSection(ProjectConfigurationPlatforms) = postSolution
		{366A4580-BF60-41D0-8C56-8C665B860C0A}.Debug|Any CPU.ActiveCfg = Debug|Any CPU
		{366A4580-BF60-41D0-8C56-8C665B860C0A}.Debug|Any CPU.Build.0 = Debug|Any CPU
		{366A4580-BF60-41D0-8C56-8C665B860C0A}.Release|Any CPU.ActiveCfg = Release|Any CPU
		{366A4580-BF60-41D0-8C56-8C665B860C0A}.Release|Any CPU.Build.0 = Release|Any CPU
		{CC5AB960-2D28-4C45-9173-0783084CC686}.Debug|Any CPU.ActiveCfg = Debug|Any CPU
		{CC5AB960-2D28-4C45-9173-0783084CC686}.Debug|Any CPU.Build.0 = Debug|Any CPU
		{CC5AB960-2D28-4C45-9173-0783084CC686}.Release|Any CPU.ActiveCfg = Release|Any CPU
		{CC5AB960-2D28-4C45-9173-0783084CC686}.Release|Any CPU.Build.0 = Release|Any CPU
	EndGlobalSection
	GlobalSection(SolutionProperties) = preSolution
		HideSolutionNode = FALSE
	EndGlobalSection
EndGlobal
